
Microsoft Visual Studio Solution File, Format Version 12.00
# Visual Studio 15
VisualStudioVersion = 15.0.28307.438
MinimumVisualStudioVersion = 10.0.40219.1
Project("{FAE04EC0-301F-11D3-BF4B-00C04F79EFBC}") = "RPG_Sherry", "RPG_Sherry\RPG_Sherry.csproj", "{64586EC9-5D3F-4AD1-9D42-FD2D49C4B701}"
EndProject
Global
	GlobalSection(SolutionConfigurationPlatforms) = preSolution
		Debug|Any CPU = Debug|Any CPU
		Release|Any CPU = Release|Any CPU
	EndGlobalSection
	GlobalSection(ProjectConfigurationPlatforms) = postSolution
		{64586EC9-5D3F-4AD1-9D42-FD2D49C4B701}.Debug|Any CPU.ActiveCfg = Debug|Any CPU
		{64586EC9-5D3F-4AD1-9D42-FD2D49C4B701}.Debug|Any CPU.Build.0 = Debug|Any CPU
		{64586EC9-5D3F-4AD1-9D42-FD2D49C4B701}.Release|Any CPU.ActiveCfg = Release|Any CPU
		{64586EC9-5D3F-4AD1-9D42-FD2D49C4B701}.Release|Any CPU.Build.0 = Release|Any CPU
	EndGlobalSection
	GlobalSection(SolutionProperties) = preSolution
		HideSolutionNode = FALSE
	EndGlobalSection
	GlobalSection(ExtensibilityGlobals) = postSolution
		SolutionGuid = {EE68AAEE-90AE-411B-A499-F9EA05D3271C}
	EndGlobalSection
EndGlobal
